
Microsoft Visual Studio Solution File, Format Version 12.00
# Visual Studio Version 16
VisualStudioVersion = 16.0.31702.278
MinimumVisualStudioVersion = 10.0.40219.1
Project("{FAE04EC0-301F-11D3-BF4B-00C04F79EFBC}") = "Our.Umbraco.DocTypePicker", "Our.Umbraco.DocTypePicker.csproj", "{44CC0E06-E027-4AB8-A7F1-543F9C5D7576}"
EndProject
Project("{FAE04EC0-301F-11D3-BF4B-00C04F79EFBC}") = "WebsiteV9", "..\WebsiteV9\WebsiteV9.csproj", "{D21CB631-FC23-409B-AB6F-2A35B2522843}"
EndProject
Project("{FAE04EC0-301F-11D3-BF4B-00C04F79EFBC}") = "WebsiteV8", "..\WebsiteV8\WebsiteV8.csproj", "{6A11DD53-C9C6-4BF7-BB53-A44CF411B920}"
EndProject
Global
	GlobalSection(SolutionConfigurationPlatforms) = preSolution
		Debug|Any CPU = Debug|Any CPU
		Release|Any CPU = Release|Any CPU
	EndGlobalSection
	GlobalSection(ProjectConfigurationPlatforms) = postSolution
		{44CC0E06-E027-4AB8-A7F1-543F9C5D7576}.Debug|Any CPU.ActiveCfg = Debug|Any CPU
		{44CC0E06-E027-4AB8-A7F1-543F9C5D7576}.Debug|Any CPU.Build.0 = Debug|Any CPU
		{44CC0E06-E027-4AB8-A7F1-543F9C5D7576}.Release|Any CPU.ActiveCfg = Release|Any CPU
		{44CC0E06-E027-4AB8-A7F1-543F9C5D7576}.Release|Any CPU.Build.0 = Release|Any CPU
		{D21CB631-FC23-409B-AB6F-2A35B2522843}.Debug|Any CPU.ActiveCfg = Debug|Any CPU
		{D21CB631-FC23-409B-AB6F-2A35B2522843}.Debug|Any CPU.Build.0 = Debug|Any CPU
		{D21CB631-FC23-409B-AB6F-2A35B2522843}.Release|Any CPU.ActiveCfg = Release|Any CPU
		{D21CB631-FC23-409B-AB6F-2A35B2522843}.Release|Any CPU.Build.0 = Release|Any CPU
		{6A11DD53-C9C6-4BF7-BB53-A44CF411B920}.Debug|Any CPU.ActiveCfg = Debug|Any CPU
		{6A11DD53-C9C6-4BF7-BB53-A44CF411B920}.Debug|Any CPU.Build.0 = Debug|Any CPU
		{6A11DD53-C9C6-4BF7-BB53-A44CF411B920}.Release|Any CPU.ActiveCfg = Release|Any CPU
		{6A11DD53-C9C6-4BF7-BB53-A44CF411B920}.Release|Any CPU.Build.0 = Release|Any CPU
	EndGlobalSection
	GlobalSection(SolutionProperties) = preSolution
		HideSolutionNode = FALSE
	EndGlobalSection
	GlobalSection(ExtensibilityGlobals) = postSolution
		SolutionGuid = {0E3458B5-B6C2-4671-A905-B93892AF3E95}
	EndGlobalSection
EndGlobal
