
Microsoft Visual Studio Solution File, Format Version 12.00
# Visual Studio 15
VisualStudioVersion = 15.0.28010.2050
MinimumVisualStudioVersion = 10.0.40219.1
Project("{FAE04EC0-301F-11D3-BF4B-00C04F79EFBC}") = "Our.Umbraco.DocTypePicker", "Our.Umbraco.DocTypePicker\Our.Umbraco.DocTypePicker.csproj", "{EF873CB9-DB5D-42A8-A68F-77D528C6968B}"
EndProject
Project("{FAE04EC0-301F-11D3-BF4B-00C04F79EFBC}") = "Website", "Website\Website.csproj", "{FAA122AE-8C3D-419A-9DDB-7929E83E7928}"
EndProject
Global
	GlobalSection(SolutionConfigurationPlatforms) = preSolution
		Debug|Any CPU = Debug|Any CPU
		Release|Any CPU = Release|Any CPU
	EndGlobalSection
	GlobalSection(ProjectConfigurationPlatforms) = postSolution
		{EF873CB9-DB5D-42A8-A68F-77D528C6968B}.Debug|Any CPU.ActiveCfg = Debug|Any CPU
		{EF873CB9-DB5D-42A8-A68F-77D528C6968B}.Debug|Any CPU.Build.0 = Debug|Any CPU
		{EF873CB9-DB5D-42A8-A68F-77D528C6968B}.Release|Any CPU.ActiveCfg = Release|Any CPU
		{EF873CB9-DB5D-42A8-A68F-77D528C6968B}.Release|Any CPU.Build.0 = Release|Any CPU
		{FAA122AE-8C3D-419A-9DDB-7929E83E7928}.Debug|Any CPU.ActiveCfg = Debug|Any CPU
		{FAA122AE-8C3D-419A-9DDB-7929E83E7928}.Debug|Any CPU.Build.0 = Debug|Any CPU
		{FAA122AE-8C3D-419A-9DDB-7929E83E7928}.Release|Any CPU.ActiveCfg = Release|Any CPU
		{FAA122AE-8C3D-419A-9DDB-7929E83E7928}.Release|Any CPU.Build.0 = Release|Any CPU
	EndGlobalSection
	GlobalSection(SolutionProperties) = preSolution
		HideSolutionNode = FALSE
	EndGlobalSection
	GlobalSection(ExtensibilityGlobals) = postSolution
		SolutionGuid = {95621817-AE16-4BEB-BB19-4D730CEEBF68}
	EndGlobalSection
EndGlobal
